
Microsoft Visual Studio Solution File, Format Version 12.00
# Visual Studio Version 18
VisualStudioVersion = 18.8.12021.73
MinimumVisualStudioVersion = 10.0.40219.1
Project("{FAE04EC0-301F-11D3-BF4B-00C04F79EFBC}") = "Tourism.API", "Tourism.API.csproj", "{5015BAA9-B96A-ACA8-B4FC-2A92A4566915}"
EndProject
Project("{FAE04EC0-301F-11D3-BF4B-00C04F79EFBC}") = "Tourism.Application", "..\Tourism.Application\Tourism.Application.csproj", "{A727874A-13F2-FAAB-EFE6-0017454A3F5C}"
EndProject
Project("{FAE04EC0-301F-11D3-BF4B-00C04F79EFBC}") = "Tourism.Domain", "..\Tourism.Domain\Tourism.Domain.csproj", "{8463F27E-4878-F1C6-433E-F28AB7698F07}"
EndProject
Project("{FAE04EC0-301F-11D3-BF4B-00C04F79EFBC}") = "Tourism.Infrastructure", "..\Tourism.Infrastructure\Tourism.Infrastructure.csproj", "{0F48D9F0-D0A7-CF83-3250-0493F7684B63}"
EndProject
Project("{FAE04EC0-301F-11D3-BF4B-00C04F79EFBC}") = "Tourism.Shared", "..\Tourism.Shared\Tourism.Shared.csproj", "{9C80A0CA-919F-7D17-37C6-2458A106E81B}"
EndProject
Global
	GlobalSection(SolutionConfigurationPlatforms) = preSolution
		Debug|Any CPU = Debug|Any CPU
		Release|Any CPU = Release|Any CPU
	EndGlobalSection
	GlobalSection(ProjectConfigurationPlatforms) = postSolution
		{5015BAA9-B96A-ACA8-B4FC-2A92A4566915}.Debug|Any CPU.ActiveCfg = Debug|Any CPU
		{5015BAA9-B96A-ACA8-B4FC-2A92A4566915}.Debug|Any CPU.Build.0 = Debug|Any CPU
		{5015BAA9-B96A-ACA8-B4FC-2A92A4566915}.Release|Any CPU.ActiveCfg = Release|Any CPU
		{5015BAA9-B96A-ACA8-B4FC-2A92A4566915}.Release|Any CPU.Build.0 = Release|Any CPU
		{A727874A-13F2-FAAB-EFE6-0017454A3F5C}.Debug|Any CPU.ActiveCfg = Debug|Any CPU
		{A727874A-13F2-FAAB-EFE6-0017454A3F5C}.Debug|Any CPU.Build.0 = Debug|Any CPU
		{A727874A-13F2-FAAB-EFE6-0017454A3F5C}.Release|Any CPU.ActiveCfg = Release|Any CPU
		{A727874A-13F2-FAAB-EFE6-0017454A3F5C}.Release|Any CPU.Build.0 = Release|Any CPU
		{8463F27E-4878-F1C6-433E-F28AB7698F07}.Debug|Any CPU.ActiveCfg = Debug|Any CPU
		{8463F27E-4878-F1C6-433E-F28AB7698F07}.Debug|Any CPU.Build.0 = Debug|Any CPU
		{8463F27E-4878-F1C6-433E-F28AB7698F07}.Release|Any CPU.ActiveCfg = Release|Any CPU
		{8463F27E-4878-F1C6-433E-F28AB7698F07}.Release|Any CPU.Build.0 = Release|Any CPU
		{0F48D9F0-D0A7-CF83-3250-0493F7684B63}.Debug|Any CPU.ActiveCfg = Debug|Any CPU
		{0F48D9F0-D0A7-CF83-3250-0493F7684B63}.Debug|Any CPU.Build.0 = Debug|Any CPU
		{0F48D9F0-D0A7-CF83-3250-0493F7684B63}.Release|Any CPU.ActiveCfg = Release|Any CPU
		{0F48D9F0-D0A7-CF83-3250-0493F7684B63}.Release|Any CPU.Build.0 = Release|Any CPU
		{9C80A0CA-919F-7D17-37C6-2458A106E81B}.Debug|Any CPU.ActiveCfg = Debug|Any CPU
		{9C80A0CA-919F-7D17-37C6-2458A106E81B}.Debug|Any CPU.Build.0 = Debug|Any CPU
		{9C80A0CA-919F-7D17-37C6-2458A106E81B}.Release|Any CPU.ActiveCfg = Release|Any CPU
		{9C80A0CA-919F-7D17-37C6-2458A106E81B}.Release|Any CPU.Build.0 = Release|Any CPU
	EndGlobalSection
	GlobalSection(SolutionProperties) = preSolution
		HideSolutionNode = FALSE
	EndGlobalSection
	GlobalSection(ExtensibilityGlobals) = postSolution
		SolutionGuid = {518276EF-91A7-4852-A7F9-0CA75CFFC83B}
	EndGlobalSection
EndGlobal


